version = 1
revision = 1
requires-python = ">=3.10"

[[package]]
name = "acorn-nfs"
version = "0.1.0"
source = { editable = "." }
dependencies = [
    { name = "py8dis" },
]

[package.metadata]
requires-dist = [{ name = "py8dis", git = "https://github.com/acornaeology/py8dis.git" }]

[[package]]
name = "py8dis"
version = "0.1.0"
source = { git = "https://github.com/acornaeology/py8dis.git#cb5cd1d1e84814753de42a2dc940c13afd514d31" }
